
Microsoft Visual Studio Solution File, Format Version 11.00
# Visual Studio 2010
Project("{FAE04EC0-301F-11D3-BF4B-00C04F79EFBC}") = "FarmAR", "Assembly-CSharp.csproj", "{281F4864-5703-DA4D-C21F-9CAE9DF92113}"
EndProject
Project("{FAE04EC0-301F-11D3-BF4B-00C04F79EFBC}") = "FarmAR", "Assembly-CSharp-Editor.csproj", "{1D3FC54F-BC27-160E-AA4D-DD1254FD567D}"
EndProject
Global
	GlobalSection(SolutionConfigurationPlatforms) = preSolution
		Debug|Any CPU = Debug|Any CPU
		Release|Any CPU = Release|Any CPU
	EndGlobalSection
	GlobalSection(ProjectConfigurationPlatforms) = postSolution
		{281F4864-5703-DA4D-C21F-9CAE9DF92113}.Debug|Any CPU.ActiveCfg = Debug|Any CPU
		{281F4864-5703-DA4D-C21F-9CAE9DF92113}.Debug|Any CPU.Build.0 = Debug|Any CPU
		{281F4864-5703-DA4D-C21F-9CAE9DF92113}.Release|Any CPU.ActiveCfg = Release|Any CPU
		{281F4864-5703-DA4D-C21F-9CAE9DF92113}.Release|Any CPU.Build.0 = Release|Any CPU
		{1D3FC54F-BC27-160E-AA4D-DD1254FD567D}.Debug|Any CPU.ActiveCfg = Debug|Any CPU
		{1D3FC54F-BC27-160E-AA4D-DD1254FD567D}.Debug|Any CPU.Build.0 = Debug|Any CPU
		{1D3FC54F-BC27-160E-AA4D-DD1254FD567D}.Release|Any CPU.ActiveCfg = Release|Any CPU
		{1D3FC54F-BC27-160E-AA4D-DD1254FD567D}.Release|Any CPU.Build.0 = Release|Any CPU
	EndGlobalSection
	GlobalSection(SolutionProperties) = preSolution
		HideSolutionNode = FALSE
	EndGlobalSection
	GlobalSection(MonoDevelopProperties) = preSolution
		StartupItem = Assembly-CSharp.csproj
	EndGlobalSection
EndGlobal
